
Microsoft Visual Studio Solution File, Format Version 12.00
# Visual Studio 15
VisualStudioVersion = 15.0.27130.2027
MinimumVisualStudioVersion = 10.0.40219.1
Project("{FAE04EC0-301F-11D3-BF4B-00C04F79EFBC}") = "TaskTwo", "TaskTwo\TaskTwo.csproj", "{28B12D69-FB52-47EE-9C51-596625B5D787}"
EndProject
Global
	GlobalSection(SolutionConfigurationPlatforms) = preSolution
		Debug|Any CPU = Debug|Any CPU
		Release|Any CPU = Release|Any CPU
	EndGlobalSection
	GlobalSection(ProjectConfigurationPlatforms) = postSolution
		{28B12D69-FB52-47EE-9C51-596625B5D787}.Debug|Any CPU.ActiveCfg = Debug|Any CPU
		{28B12D69-FB52-47EE-9C51-596625B5D787}.Debug|Any CPU.Build.0 = Debug|Any CPU
		{28B12D69-FB52-47EE-9C51-596625B5D787}.Release|Any CPU.ActiveCfg = Release|Any CPU
		{28B12D69-FB52-47EE-9C51-596625B5D787}.Release|Any CPU.Build.0 = Release|Any CPU
	EndGlobalSection
	GlobalSection(SolutionProperties) = preSolution
		HideSolutionNode = FALSE
	EndGlobalSection
	GlobalSection(ExtensibilityGlobals) = postSolution
		SolutionGuid = {1DCAD3C1-435C-48AB-B6F4-BBAF0978827A}
	EndGlobalSection
EndGlobal
